PODS:
  - dowplay (0.0.1):
    - Flutter
  - Flutter (1.0.0)

DEPENDENCIES:
  - dowplay (from `.symlinks/plugins/dowplay/ios`)
  - Flutter (from `Flutter`)

EXTERNAL SOURCES:
  dowplay:
    :path: ".symlinks/plugins/dowplay/ios"
  Flutter:
    :path: Flutter

SPEC CHECKSUMS:
  dowplay: dbbe64dfd6993057918b96b230dc32ae7134aa5b
  Flutter: f04841e97a9d0b0a8025694d0796dd46242b2854

PODFILE CHECKSUM: cc1f88378b4bfcf93a6ce00d2c587857c6008d3b

COCOAPODS: 1.11.3
